// !$*UTF8*$!
{
	archiveVersion = 1;
	classes = {
	};
	objectVersion = 46;
	objects = {

/* Begin PBXBuildFile section */
		812E3B1E1C7E1DAF008E5E20 /* main.m in Sources */ = {isa = PBXBuildFile; fileRef = 812E3B1D1C7E1DAF008E5E20 /* main.m */; };
		812E3B211C7E1DAF008E5E20 /* AppDelegate.m in Sources */ = {isa = PBXBuildFile; fileRef = 812E3B201C7E1DAF008E5E20 /* AppDelegate.m */; };
		812E3B241C7E1DAF008E5E20 /* ViewController.m in Sources */ = {isa = PBXBuildFile; fileRef = 812E3B231C7E1DAF008E5E20 /* ViewController.m */; };
		812E3B271C7E1DAF008E5E20 /* Main.storyboard in Resources */ = {isa = PBXBuildFile; fileRef = 812E3B251C7E1DAF008E5E20 /* Main.storyboard */; };
		812E3B291C7E1DAF008E5E20 /* Assets.xcassets in Resources */ = {isa = PBXBuildFile; fileRef = 812E3B281C7E1DAF008E5E20 /* Assets.xcassets */; };
		812E3B2C1C7E1DAF008E5E20 /* LaunchScreen.storyboard in Resources */ = {isa = PBXBuildFile; fileRef = 812E3B2A1C7E1DAF008E5E20 /* LaunchScreen.storyboard */; };
		812E3B371C7E1DAF008E5E20 /* GITProjectTests.m in Sources */ = {isa = PBXBuildFile; fileRef = 812E3B361C7E1DAF008E5E20 /* GITProjectTests.m */; };
		812E3B421C7E1DAF008E5E20 /* GITProjectUITests.m in Sources */ = {isa = PBXBuildFile; fileRef = 812E3B411C7E1DAF008E5E20 /* GITProjectUITests.m */; };
/* End PBXBuildFile section */

/* Begin PBXContainerItemProxy section */
		812E3B331C7E1DAF008E5E20 /* PBXContainerItemProxy */ = {
			isa = PBXContainerItemProxy;
			containerPortal = 812E3B111C7E1DAF008E5E20 /* Project object */;
			proxyType = 1;
			remoteGlobalIDString = 812E3B181C7E1DAF008E5E20;
			remoteInfo = GITProject;
		};
		812E3B3E1C7E1DAF008E5E20 /* PBXContainerItemProxy */ = {
			isa = PBXContainerItemProxy;
			containerPortal = 812E3B111C7E1DAF008E5E20 /* Project object */;
			proxyType = 1;
			remoteGlobalIDString = 812E3B181C7E1DAF008E5E20;
			remoteInfo = GITProject;
		};
/* End PBXContainerItemProxy section */

/* Begin PBXFileReference section */
		812E3B191C7E1DAF008E5E20 /* GITProject.app */ = {isa = PBXFileReference; explicitFileType = wrapper.application; includeInIndex = 0; path = GITProject.app; sourceTree = BUILT_PRODUCTS_DIR; };
		812E3B1D1C7E1DAF008E5E20 /* main.m */ = {isa = PBXFileReference; lastKnownFileType = sourcecode.c.objc; path = main.m; sourceTree = "<group>"; };
		812E3B1F1C7E1DAF008E5E20 /* AppDelegate.h */ = {isa = PBXFileReference; lastKnownFileType = sourcecode.c.h; path = AppDelegate.h; sourceTree = "<group>"; };
		812E3B201C7E1DAF008E5E20 /* AppDelegate.m */ = {isa = PBXFileReference; lastKnownFileType = sourcecode.c.objc; path = AppDelegate.m; sourceTree = "<group>"; };
		812E3B221C7E1DAF008E5E20 /* ViewController.h */ = {isa = PBXFileReference; lastKnownFileType = sourcecode.c.h; path = ViewController.h; sourceTree = "<group>"; };
		812E3B231C7E1DAF008E5E20 /* ViewController.m */ = {isa = PBXFileReference; lastKnownFileType = sourcecode.c.objc; path = ViewController.m; sourceTree = "<group>"; };
		812E3B261C7E1DAF008E5E20 /* Base */ = {isa = PBXFileReference; lastKnownFileType = file.storyboard; name = Base; path = Base.lproj/Main.storyboard; sourceTree = "<group>"; };
		812E3B281C7E1DAF008E5E20 /* Assets.xcassets */ = {isa = PBXFileReference; lastKnownFileType = folder.assetcatalog; path = Assets.xcassets; sourceTree = "<group>"; };
		812E3B2B1C7E1DAF008E5E20 /* Base */ = {isa = PBXFileReference; lastKnownFileType = file.storyboard; name = Base; path = Base.lproj/LaunchScreen.storyboard; sourceTree = "<group>"; };
		812E3B2D1C7E1DAF008E5E20 /* Info.plist */ = {isa = PBXFileReference; lastKnownFileType = text.plist.xml; path = Info.plist; sourceTree = "<group>"; };
		812E3B321C7E1DAF008E5E20 /* GITProjectTests.xctest */ = {isa = PBXFileReference; explicitFileType = wrapper.cfbundle; includeInIndex = 0; path = GITProjectTests.xctest; sourceTree = BUILT_PRODUCTS_DIR; };
		812E3B361C7E1DAF008E5E20 /* GITProjectTests.m */ = {isa = PBXFileReference; lastKnownFileType = sourcecode.c.objc; path = GITProjectTests.m; sourceTree = "<group>"; };
		812E3B381C7E1DAF008E5E20 /* Info.plist */ = {isa = PBXFileReference; lastKnownFileType = text.plist.xml; path = Info.plist; sourceTree = "<group>"; };
		812E3B3D1C7E1DAF008E5E20 /* GITProjectUITests.xctest */ = {isa = PBXFileReference; explicitFileType = wrapper.cfbundle; includeInIndex = 0; path = GITProjectUITests.xctest; sourceTree = BUILT_PRODUCTS_DIR; };
		812E3B411C7E1DAF008E5E20 /* GITProjectUITests.m */ = {isa = PBXFileReference; lastKnownFileType = sourcecode.c.objc; path = GITProjectUITests.m; sourceTree = "<group>"; };
		812E3B431C7E1DAF008E5E20 /* Info.plist */ = {isa = PBXFileReference; lastKnownFileType = text.plist.xml; path = Info.plist; sourceTree = "<group>"; };
/* End PBXFileReference section */

/* Begin PBXFrameworksBuildPhase section */
		812E3B161C7E1DAF008E5E20 /* Frameworks */ = {
			isa = PBXFrameworksBuildPhase;
			buildActionMask = 2147483647;
			files = (
			);
			runOnlyForDeploymentPostprocessing = 0;
		};
		812E3B2F1C7E1DAF008E5E20 /* Frameworks */ = {
			isa = PBXFrameworksBuildPhase;
			buildActionMask = 2147483647;
			files = (
			);
			runOnlyForDeploymentPostprocessing = 0;
		};
		812E3B3A1C7E1DAF008E5E20 /* Frameworks */ = {
			isa = PBXFrameworksBuildPhase;
			buildActionMask = 2147483647;
			files = (
			);
			runOnlyForDeploymentPostprocessing = 0;
		};
/* End PBXFrameworksBuildPhase section */

/* Begin PBXGroup section */
		812E3B101C7E1DAF008E5E20 = {
			isa = PBXGroup;
			children = (
				812E3B1B1C7E1DAF008E5E20 /* GITProject */,
				812E3B351C7E1DAF008E5E20 /* GITProjectTests */,
				812E3B401C7E1DAF008E5E20 /* GITProjectUITests */,
				812E3B1A1C7E1DAF008E5E20 /* Products */,
			);
			sourceTree = "<group>";
		};
		812E3B1A1C7E1DAF008E5E20 /* Products */ = {
			isa = PBXGroup;
			children = (
				812E3B191C7E1DAF008E5E20 /* GITProject.app */,
				812E3B321C7E1DAF008E5E20 /* GITProjectTests.xctest */,
				812E3B3D1C7E1DAF008E5E20 /* GITProjectUITests.xctest */,
			);
			name = Products;
			sourceTree = "<group>";
		};
		812E3B1B1C7E1DAF008E5E20 /* GITProject */ = {
			isa = PBXGroup;
			children = (
				812E3B1F1C7E1DAF008E5E20 /* AppDelegate.h */,
				812E3B201C7E1DAF008E5E20 /* AppDelegate.m */,
				812E3B221C7E1DAF008E5E20 /* ViewController.h */,
				812E3B231C7E1DAF008E5E20 /* ViewController.m */,
				812E3B251C7E1DAF008E5E20 /* Main.storyboard */,
				812E3B281C7E1DAF008E5E20 /* Assets.xcassets */,
				812E3B2A1C7E1DAF008E5E20 /* LaunchScreen.storyboard */,
				812E3B2D1C7E1DAF008E5E20 /* Info.plist */,
				812E3B1C1C7E1DAF008E5E20 /* Supporting Files */,
			);
			path = GITProject;
			sourceTree = "<group>";
		};
		812E3B1C1C7E1DAF008E5E20 /* Supporting Files */ = {
			isa = PBXGroup;
			children = (
				812E3B1D1C7E1DAF008E5E20 /* main.m */,
			);
			name = "Supporting Files";
			sourceTree = "<group>";
		};
		812E3B351C7E1DAF008E5E20 /* GITProjectTests */ = {
			isa = PBXGroup;
			children = (
				812E3B361C7E1DAF008E5E20 /* GITProjectTests.m */,
				812E3B381C7E1DAF008E5E20 /* Info.plist */,
			);
			path = GITProjectTests;
			sourceTree = "<group>";
		};
		812E3B401C7E1DAF008E5E20 /* GITProjectUITests */ = {
			isa = PBXGroup;
			children = (
				812E3B411C7E1DAF008E5E20 /* GITProjectUITests.m */,
				812E3B431C7E1DAF008E5E20 /* Info.plist */,
			);
			path = GITProjectUITests;
			sourceTree = "<group>";
		};
/* End PBXGroup section */

/* Begin PBXNativeTarget section */
		812E3B181C7E1DAF008E5E20 /* GITProject */ = {
			isa = PBXNativeTarget;
			buildConfigurationList = 812E3B461C7E1DAF008E5E20 /* Build configuration list for PBXNativeTarget "GITProject" */;
			buildPhases = (
				812E3B151C7E1DAF008E5E20 /* Sources */,
				812E3B161C7E1DAF008E5E20 /* Frameworks */,
				812E3B171C7E1DAF008E5E20 /* Resources */,
			);
			buildRules = (
			);
			dependencies = (
			);
			name = GITProject;
			productName = GITProject;
			productReference = 812E3B191C7E1DAF008E5E20 /* GITProject.app */;
			productType = "com.apple.product-type.application";
		};
		812E3B311C7E1DAF008E5E20 /* GITProjectTests */ = {
			isa = PBXNativeTarget;
			buildConfigurationList = 812E3B491C7E1DAF008E5E20 /* Build configuration list for PBXNativeTarget "GITProjectTests" */;
			buildPhases = (
				812E3B2E1C7E1DAF008E5E20 /* Sources */,
				812E3B2F1C7E1DAF008E5E20 /* Frameworks */,
				812E3B301C7E1DAF008E5E20 /* Resources */,
			);
			buildRules = (
			);
			dependencies = (
				812E3B341C7E1DAF008E5E20 /* PBXTargetDependency */,
			);
			name = GITProjectTests;
			productName = GITProjectTests;
			productReference = 812E3B321C7E1DAF008E5E20 /* GITProjectTests.xctest */;
			productType = "com.apple.product-type.bundle.unit-test";
		};
		812E3B3C1C7E1DAF008E5E20 /* GITProjectUITests */ = {
			isa = PBXNativeTarget;
			buildConfigurationList = 812E3B4C1C7E1DAF008E5E20 /* Build configuration list for PBXNativeTarget "GITProjectUITests" */;
			buildPhases = (
				812E3B391C7E1DAF008E5E20 /* Sources */,
				812E3B3A1C7E1DAF008E5E20 /* Frameworks */,
				812E3B3B1C7E1DAF008E5E20 /* Resources */,
			);
			buildRules = (
			);
			dependencies = (
				812E3B3F1C7E1DAF008E5E20 /* PBXTargetDependency */,
			);
			name = GITProjectUITests;
			productName = GITProjectUITests;
			productReference = 812E3B3D1C7E1DAF008E5E20 /* GITProjectUITests.xctest */;
			productType = "com.apple.product-type.bundle.ui-testing";
		};
/* End PBXNativeTarget section */

/* Begin PBXProject section */
		812E3B111C7E1DAF008E5E20 /* Project object */ = {
			isa = PBXProject;
			attributes = {
				LastUpgradeCheck = 0720;
				ORGANIZATIONNAME = JamesAndrews;
				TargetAttributes = {
					812E3B181C7E1DAF008E5E20 = {
						CreatedOnToolsVersion = 7.2.1;
					};
					812E3B311C7E1DAF008E5E20 = {
						CreatedOnToolsVersion = 7.2.1;
						TestTargetID = 812E3B181C7E1DAF008E5E20;
					};
					812E3B3C1C7E1DAF008E5E20 = {
						CreatedOnToolsVersion = 7.2.1;
						TestTargetID = 812E3B181C7E1DAF008E5E20;
					};
				};
			};
			buildConfigurationList = 812E3B141C7E1DAF008E5E20 /* Build configuration list for PBXProject "GITProject" */;
			compatibilityVersion = "Xcode 3.2";
			developmentRegion = English;
			hasScannedForEncodings = 0;
			knownRegions = (
				en,
				Base,
			);
			mainGroup = 812E3B101C7E1DAF008E5E20;
			productRefGroup = 812E3B1A1C7E1DAF008E5E20 /* Products */;
			projectDirPath = "";
			projectRoot = "";
			targets = (
				812E3B181C7E1DAF008E5E20 /* GITProject */,
				812E3B311C7E1DAF008E5E20 /* GITProjectTests */,
				812E3B3C1C7E1DAF008E5E20 /* GITProjectUITests */,
			);
		};
/* End PBXProject section */

/* Begin PBXResourcesBuildPhase section */
		812E3B171C7E1DAF008E5E20 /* Resources */ = {
			isa = PBXResourcesBuildPhase;
			buildActionMask = 2147483647;
			files = (
				812E3B2C1C7E1DAF008E5E20 /* LaunchScreen.storyboard in Resources */,
				812E3B291C7E1DAF008E5E20 /* Assets.xcassets in Resources */,
				812E3B271C7E1DAF008E5E20 /* Main.storyboard in Resources */,
			);
			runOnlyForDeploymentPostprocessing = 0;
		};
		812E3B301C7E1DAF008E5E20 /* Resources */ = {
			isa = PBXResourcesBuildPhase;
			buildActionMask = 2147483647;
			files = (
			);
			runOnlyForDeploymentPostprocessing = 0;
		};
		812E3B3B1C7E1DAF008E5E20 /* Resources */ = {
			isa = PBXResourcesBuildPhase;
			buildActionMask = 2147483647;
			files = (
			);
			runOnlyForDeploymentPostprocessing = 0;
		};
/* End PBXResourcesBuildPhase section */

/* Begin PBXSourcesBuildPhase section */
		812E3B151C7E1DAF008E5E20 /* Sources */ = {
			isa = PBXSourcesBuildPhase;
			buildActionMask = 2147483647;
			files = (
				812E3B241C7E1DAF008E5E20 /* ViewController.m in Sources */,
				812E3B211C7E1DAF008E5E20 /* AppDelegate.m in Sources */,
				812E3B1E1C7E1DAF008E5E20 /* main.m in Sources */,
			);
			runOnlyForDeploymentPostprocessing = 0;
		};
		812E3B2E1C7E1DAF008E5E20 /* Sources */ = {
			isa = PBXSourcesBuildPhase;
			buildActionMask = 2147483647;
			files = (
				812E3B371C7E1DAF008E5E20 /* GITProjectTests.m in Sources */,
			);
			runOnlyForDeploymentPostprocessing = 0;
		};
		812E3B391C7E1DAF008E5E20 /* Sources */ = {
			isa = PBXSourcesBuildPhase;
			buildActionMask = 2147483647;
			files = (
				812E3B421C7E1DAF008E5E20 /* GITProjectUITests.m in Sources */,
			);
			runOnlyForDeploymentPostprocessing = 0;
		};
/* End PBXSourcesBuildPhase section */

/* Begin PBXTargetDependency section */
		812E3B341C7E1DAF008E5E20 /* PBXTargetDependency */ = {
			isa = PBXTargetDependency;
			target = 812E3B181C7E1DAF008E5E20 /* GITProject */;
			targetProxy = 812E3B331C7E1DAF008E5E20 /* PBXContainerItemProxy */;
		};
		812E3B3F1C7E1DAF008E5E20 /* PBXTargetDependency */ = {
			isa = PBXTargetDependency;
			target = 812E3B181C7E1DAF008E5E20 /* GITProject */;
			targetProxy = 812E3B3E1C7E1DAF008E5E20 /* PBXContainerItemProxy */;
		};
/* End PBXTargetDependency section */

/* Begin PBXVariantGroup section */
		812E3B251C7E1DAF008E5E20 /* Main.storyboard */ = {
			isa = PBXVariantGroup;
			children = (
				812E3B261C7E1DAF008E5E20 /* Base */,
			);
			name = Main.storyboard;
			sourceTree = "<group>";
		};
		812E3B2A1C7E1DAF008E5E20 /* LaunchScreen.storyboard */ = {
			isa = PBXVariantGroup;
			children = (
				812E3B2B1C7E1DAF008E5E20 /* Base */,
			);
			name = LaunchScreen.storyboard;
			sourceTree = "<group>";
		};
/* End PBXVariantGroup section */

/* Begin XCBuildConfiguration section */
		812E3B441C7E1DAF008E5E20 /* Debug */ = {
			isa = XCBuildConfiguration;
			buildSettings = {
				ALWAYS_SEARCH_USER_PATHS = NO;
				CLANG_CXX_LANGUAGE_STANDARD = "gnu++0x";
				CLANG_CXX_LIBRARY = "libc++";
				CLANG_ENABLE_MODULES = YES;
				CLANG_ENABLE_OBJC_ARC = YES;
				CLANG_WARN_BOOL_CONVERSION = YES;
				CLANG_WARN_CONSTANT_CONVERSION = YES;
				CLANG_WARN_DIRECT_OBJC_ISA_USAGE = YES_ERROR;
				CLANG_WARN_EMPTY_BODY = YES;
				CLANG_WARN_ENUM_CONVERSION = YES;
				CLANG_WARN_INT_CONVERSION = YES;
				CLANG_WARN_OBJC_ROOT_CLASS = YES_ERROR;
				CLANG_WARN_UNREACHABLE_CODE = YES;
				CLANG_WARN__DUPLICATE_METHOD_MATCH = YES;
				"CODE_SIGN_IDENTITY[sdk=iphoneos*]" = "iPhone Developer";
				COPY_PHASE_STRIP = NO;
				DEBUG_INFORMATION_FORMAT = dwarf;
				ENABLE_STRICT_OBJC_MSGSEND = YES;
				ENABLE_TESTABILITY = YES;
				GCC_C_LANGUAGE_STANDARD = gnu99;
				GCC_DYNAMIC_NO_PIC = NO;
				GCC_NO_COMMON_BLOCKS = YES;
				GCC_OPTIMIZATION_LEVEL = 0;
				GCC_PREPROCESSOR_DEFINITIONS = (
					"DEBUG=1",
					"$(inherited)",
				);
				GCC_WARN_64_TO_32_BIT_CONVERSION = YES;
				GCC_WARN_ABOUT_RETURN_TYPE = YES_ERROR;
				GCC_WARN_UNDECLARED_SELECTOR = YES;
				GCC_WARN_UNINITIALIZED_AUTOS = YES_AGGRESSIVE;
				GCC_WARN_UNUSED_FUNCTION = YES;
				GCC_WARN_UNUSED_VARIABLE = YES;
				IPHONEOS_DEPLOYMENT_TARGET = 9.2;
				MTL_ENABLE_DEBUG_INFO = YES;
				ONLY_ACTIVE_ARCH = YES;
				SDKROOT = iphoneos;
				TARGETED_DEVICE_FAMILY = "1,2";
			};
			name = Debug;
		};
		812E3B451C7E1DAF008E5E20 /* Release */ = {
			isa = XCBuildConfiguration;
			buildSettings = {
				ALWAYS_SEARCH_USER_PATHS = NO;
				CLANG_CXX_LANGUAGE_STANDARD = "gnu++0x";
				CLANG_CXX_LIBRARY = "libc++";
				CLANG_ENABLE_MODULES = YES;
				CLANG_ENABLE_OBJC_ARC = YES;
				CLANG_WARN_BOOL_CONVERSION = YES;
				CLANG_WARN_CONSTANT_CONVERSION = YES;
				CLANG_WARN_DIRECT_OBJC_ISA_USAGE = YES_ERROR;
				CLANG_WARN_EMPTY_BODY = YES;
				CLANG_WARN_ENUM_CONVERSION = YES;
				CLANG_WARN_INT_CONVERSION = YES;
				CLANG_WARN_OBJC_ROOT_CLASS = YES_ERROR;
				CLANG_WARN_UNREACHABLE_CODE = YES;
				CLANG_WARN__DUPLICATE_METHOD_MATCH = YES;
				"CODE_SIGN_IDENTITY[sdk=iphoneos*]" = "iPhone Developer";
				COPY_PHASE_STRIP = NO;
				DEBUG_INFORMATION_FORMAT = "dwarf-with-dsym";
				ENABLE_NS_ASSERTIONS = NO;
				ENABLE_STRICT_OBJC_MSGSEND = YES;
				GCC_C_LANGUAGE_STANDARD = gnu99;
				GCC_NO_COMMON_BLOCKS = YES;
				GCC_WARN_64_TO_32_BIT_CONVERSION = YES;
				GCC_WARN_ABOUT_RETURN_TYPE = YES_ERROR;
				GCC_WARN_UNDECLARED_SELECTOR = YES;
				GCC_WARN_UNINITIALIZED_AUTOS = YES_AGGRESSIVE;
				GCC_WARN_UNUSED_FUNCTION = YES;
				GCC_WARN_UNUSED_VARIABLE = YES;
				IPHONEOS_DEPLOYMENT_TARGET = 9.2;
				MTL_ENABLE_DEBUG_INFO = NO;
				SDKROOT = iphoneos;
				TARGETED_DEVICE_FAMILY = "1,2";
				VALIDATE_PRODUCT = YES;
			};
			name = Release;
		};
		812E3B471C7E1DAF008E5E20 /* Debug */ = {
			isa = XCBuildConfiguration;
			buildSettings = {
				ASSETCATALOG_COMPILER_APPICON_NAME = AppIcon;
				INFOPLIST_FILE = GITProject/Info.plist;
				LD_RUNPATH_SEARCH_PATHS = "$(inherited) @executable_path/Frameworks";
				PRODUCT_BUNDLE_IDENTIFIER = u7y.GITProject;
				PRODUCT_NAME = "$(TARGET_NAME)";
			};
			name = Debug;
		};
		812E3B481C7E1DAF008E5E20 /* Release */ = {
			isa = XCBuildConfiguration;
			buildSettings = {
				ASSETCATALOG_COMPILER_APPICON_NAME = AppIcon;
				INFOPLIST_FILE = GITProject/Info.plist;
				LD_RUNPATH_SEARCH_PATHS = "$(inherited) @executable_path/Frameworks";
				PRODUCT_BUNDLE_IDENTIFIER = u7y.GITProject;
				PRODUCT_NAME = "$(TARGET_NAME)";
			};
			name = Release;
		};
		812E3B4A1C7E1DAF008E5E20 /* Debug */ = {
			isa = XCBuildConfiguration;
			buildSettings = {
				BUNDLE_LOADER = "$(TEST_HOST)";
				INFOPLIST_FILE = GITProjectTests/Info.plist;
				LD_RUNPATH_SEARCH_PATHS = "$(inherited) @executable_path/Frameworks @loader_path/Frameworks";
				PRODUCT_BUNDLE_IDENTIFIER = u7y.GITProjectTests;
				PRODUCT_NAME = "$(TARGET_NAME)";
				TEST_HOST = "$(BUILT_PRODUCTS_DIR)/GITProject.app/GITProject";
			};
			name = Debug;
		};
		812E3B4B1C7E1DAF008E5E20 /* Release */ = {
			isa = XCBuildConfiguration;
			buildSettings = {
				BUNDLE_LOADER = "$(TEST_HOST)";
				INFOPLIST_FILE = GITProjectTests/Info.plist;
				LD_RUNPATH_SEARCH_PATHS = "$(inherited) @executable_path/Frameworks @loader_path/Frameworks";
				PRODUCT_BUNDLE_IDENTIFIER = u7y.GITProjectTests;
				PRODUCT_NAME = "$(TARGET_NAME)";
				TEST_HOST = "$(BUILT_PRODUCTS_DIR)/GITProject.app/GITProject";
			};
			name = Release;
		};
		812E3B4D1C7E1DAF008E5E20 /* Debug */ = {
			isa = XCBuildConfiguration;
			buildSettings = {
				INFOPLIST_FILE = GITProjectUITests/Info.plist;
				LD_RUNPATH_SEARCH_PATHS = "$(inherited) @executable_path/Frameworks @loader_path/Frameworks";
				PRODUCT_BUNDLE_IDENTIFIER = u7y.GITProjectUITests;
				PRODUCT_NAME = "$(TARGET_NAME)";
				TEST_TARGET_NAME = GITProject;
				USES_XCTRUNNER = YES;
			};
			name = Debug;
		};
		812E3B4E1C7E1DAF008E5E20 /* Release */ = {
			isa = XCBuildConfiguration;
			buildSettings = {
				INFOPLIST_FILE = GITProjectUITests/Info.plist;
				LD_RUNPATH_SEARCH_PATHS = "$(inherited) @executable_path/Frameworks @loader_path/Frameworks";
				PRODUCT_BUNDLE_IDENTIFIER = u7y.GITProjectUITests;
				PRODUCT_NAME = "$(TARGET_NAME)";
				TEST_TARGET_NAME = GITProject;
				USES_XCTRUNNER = YES;
			};
			name = Release;
		};
/* End XCBuildConfiguration section */

/* Begin XCConfigurationList section */
		812E3B141C7E1DAF008E5E20 /* Build configuration list for PBXProject "GITProject" */ = {
			isa = XCConfigurationList;
			buildConfigurations = (
				812E3B441C7E1DAF008E5E20 /* Debug */,
				812E3B451C7E1DAF008E5E20 /* Release */,
			);
			defaultConfigurationIsVisible = 0;
			defaultConfigurationName = Release;
		};
		812E3B461C7E1DAF008E5E20 /* Build configuration list for PBXNativeTarget "GITProject" */ = {
			isa = XCConfigurationList;
			buildConfigurations = (
				812E3B471C7E1DAF008E5E20 /* Debug */,
				812E3B481C7E1DAF008E5E20 /* Release */,
			);
			defaultConfigurationIsVisible = 0;
		};
		812E3B491C7E1DAF008E5E20 /* Build configuration list for PBXNativeTarget "GITProjectTests" */ = {
			isa = XCConfigurationList;
			buildConfigurations = (
				812E3B4A1C7E1DAF008E5E20 /* Debug */,
				812E3B4B1C7E1DAF008E5E20 /* Release */,
			);
			defaultConfigurationIsVisible = 0;
		};
		812E3B4C1C7E1DAF008E5E20 /* Build configuration list for PBXNativeTarget "GITProjectUITests" */ = {
			isa = XCConfigurationList;
			buildConfigurations = (
				812E3B4D1C7E1DAF008E5E20 /* Debug */,
				812E3B4E1C7E1DAF008E5E20 /* Release */,
			);
			defaultConfigurationIsVisible = 0;
		};
/* End XCConfigurationList section */
	};
	rootObject = 812E3B111C7E1DAF008E5E20 /* Project object */;
}
